
Microsoft Visual Studio Solution File, Format Version 12.00
# Visual Studio Version 17
VisualStudioVersion = 17.4.33205.214
MinimumVisualStudioVersion = 10.0.40219.1
Project("{FAE04EC0-301F-11D3-BF4B-00C04F79EFBC}") = "Mishra_INC_Educations.APP", "Mishra_INC_Educations.APP\Mishra_INC_Educations.APP.csproj", "{1DF2CD7D-499F-4C93-B4E2-DADC03BD75AF}"
EndProject
Project("{FAE04EC0-301F-11D3-BF4B-00C04F79EFBC}") = "Mishra_INC_Educations.Shared", "Mishra_INC_Educations.Shared\Mishra_INC_Educations.Shared.csproj", "{041B42A6-CFEF-4442-A615-6A6E1835FC85}"
EndProject
Project("{FAE04EC0-301F-11D3-BF4B-00C04F79EFBC}") = "Mishra_INC_Educations.Server", "Mishra_INC_Educations.Server\Mishra_INC_Educations.Server.csproj", "{7291E3EC-2344-4E1A-84D2-4BD860282AF0}"
EndProject
Global
	GlobalSection(SolutionConfigurationPlatforms) = preSolution
		Debug|Any CPU = Debug|Any CPU
		Release|Any CPU = Release|Any CPU
	EndGlobalSection
	GlobalSection(ProjectConfigurationPlatforms) = postSolution
		{1DF2CD7D-499F-4C93-B4E2-DADC03BD75AF}.Debug|Any CPU.ActiveCfg = Debug|Any CPU
		{1DF2CD7D-499F-4C93-B4E2-DADC03BD75AF}.Debug|Any CPU.Build.0 = Debug|Any CPU
		{1DF2CD7D-499F-4C93-B4E2-DADC03BD75AF}.Release|Any CPU.ActiveCfg = Release|Any CPU
		{1DF2CD7D-499F-4C93-B4E2-DADC03BD75AF}.Release|Any CPU.Build.0 = Release|Any CPU
		{041B42A6-CFEF-4442-A615-6A6E1835FC85}.Debug|Any CPU.ActiveCfg = Debug|Any CPU
		{041B42A6-CFEF-4442-A615-6A6E1835FC85}.Debug|Any CPU.Build.0 = Debug|Any CPU
		{041B42A6-CFEF-4442-A615-6A6E1835FC85}.Release|Any CPU.ActiveCfg = Release|Any CPU
		{041B42A6-CFEF-4442-A615-6A6E1835FC85}.Release|Any CPU.Build.0 = Release|Any CPU
		{7291E3EC-2344-4E1A-84D2-4BD860282AF0}.Debug|Any CPU.ActiveCfg = Debug|Any CPU
		{7291E3EC-2344-4E1A-84D2-4BD860282AF0}.Debug|Any CPU.Build.0 = Debug|Any CPU
		{7291E3EC-2344-4E1A-84D2-4BD860282AF0}.Release|Any CPU.ActiveCfg = Release|Any CPU
		{7291E3EC-2344-4E1A-84D2-4BD860282AF0}.Release|Any CPU.Build.0 = Release|Any CPU
	EndGlobalSection
	GlobalSection(SolutionProperties) = preSolution
		HideSolutionNode = FALSE
	EndGlobalSection
	GlobalSection(ExtensibilityGlobals) = postSolution
		SolutionGuid = {13C37C45-4FE1-49A9-A764-B9FA2963971C}
	EndGlobalSection
EndGlobal
